
Microsoft Visual Studio Solution File, Format Version 12.00
# Visual Studio 15
VisualStudioVersion = 15.0.28010.2016
MinimumVisualStudioVersion = 10.0.40219.1
Project("{FAE04EC0-301F-11D3-BF4B-00C04F79EFBC}") = "MVCCookiesDemo", "MVCCookiesDemo\MVCCookiesDemo.csproj", "{159019A7-EC14-4AC2-AAB8-A79D3FE0B179}"
EndProject
Global
	GlobalSection(SolutionConfigurationPlatforms) = preSolution
		Debug|Any CPU = Debug|Any CPU
		Release|Any CPU = Release|Any CPU
	EndGlobalSection
	GlobalSection(ProjectConfigurationPlatforms) = postSolution
		{159019A7-EC14-4AC2-AAB8-A79D3FE0B179}.Debug|Any CPU.ActiveCfg = Debug|Any CPU
		{159019A7-EC14-4AC2-AAB8-A79D3FE0B179}.Debug|Any CPU.Build.0 = Debug|Any CPU
		{159019A7-EC14-4AC2-AAB8-A79D3FE0B179}.Release|Any CPU.ActiveCfg = Release|Any CPU
		{159019A7-EC14-4AC2-AAB8-A79D3FE0B179}.Release|Any CPU.Build.0 = Release|Any CPU
	EndGlobalSection
	GlobalSection(SolutionProperties) = preSolution
		HideSolutionNode = FALSE
	EndGlobalSection
	GlobalSection(ExtensibilityGlobals) = postSolution
		SolutionGuid = {9E24A534-AA6F-414D-996B-573FE91E08DB}
	EndGlobalSection
EndGlobal
